
Microsoft Visual Studio Solution File, Format Version 12.00
# Visual Studio 15
VisualStudioVersion = 15.0.28010.2019
MinimumVisualStudioVersion = 10.0.40219.1
Project("{9A19103F-16F7-4668-BE54-9A1E7A4F7556}") = "BookService.WebAPI", "BookService.WebAPI\BookService.WebAPI.csproj", "{4C7E4C3C-9739-4506-B4C0-EE982127EE6F}"
EndProject
Project("{9A19103F-16F7-4668-BE54-9A1E7A4F7556}") = "BookService.Lib", "BookService.Lib\BookService.Lib.csproj", "{2E804849-4BD7-467A-A1E7-2F5F84ACD4BC}"
EndProject
Project("{9A19103F-16F7-4668-BE54-9A1E7A4F7556}") = "BookService.MVC", "BookService.MVC\BookService.MVC.csproj", "{921886C9-D79A-4AD0-893B-BDE47D94BDF2}"
EndProject
Global
	GlobalSection(SolutionConfigurationPlatforms) = preSolution
		Debug|Any CPU = Debug|Any CPU
		Release|Any CPU = Release|Any CPU
	EndGlobalSection
	GlobalSection(ProjectConfigurationPlatforms) = postSolution
		{4C7E4C3C-9739-4506-B4C0-EE982127EE6F}.Debug|Any CPU.ActiveCfg = Debug|Any CPU
		{4C7E4C3C-9739-4506-B4C0-EE982127EE6F}.Debug|Any CPU.Build.0 = Debug|Any CPU
		{4C7E4C3C-9739-4506-B4C0-EE982127EE6F}.Release|Any CPU.ActiveCfg = Release|Any CPU
		{4C7E4C3C-9739-4506-B4C0-EE982127EE6F}.Release|Any CPU.Build.0 = Release|Any CPU
		{2E804849-4BD7-467A-A1E7-2F5F84ACD4BC}.Debug|Any CPU.ActiveCfg = Debug|Any CPU
		{2E804849-4BD7-467A-A1E7-2F5F84ACD4BC}.Debug|Any CPU.Build.0 = Debug|Any CPU
		{2E804849-4BD7-467A-A1E7-2F5F84ACD4BC}.Release|Any CPU.ActiveCfg = Release|Any CPU
		{2E804849-4BD7-467A-A1E7-2F5F84ACD4BC}.Release|Any CPU.Build.0 = Release|Any CPU
		{921886C9-D79A-4AD0-893B-BDE47D94BDF2}.Debug|Any CPU.ActiveCfg = Debug|Any CPU
		{921886C9-D79A-4AD0-893B-BDE47D94BDF2}.Debug|Any CPU.Build.0 = Debug|Any CPU
		{921886C9-D79A-4AD0-893B-BDE47D94BDF2}.Release|Any CPU.ActiveCfg = Release|Any CPU
		{921886C9-D79A-4AD0-893B-BDE47D94BDF2}.Release|Any CPU.Build.0 = Release|Any CPU
	EndGlobalSection
	GlobalSection(SolutionProperties) = preSolution
		HideSolutionNode = FALSE
	EndGlobalSection
	GlobalSection(ExtensibilityGlobals) = postSolution
		SolutionGuid = {3799DEC5-6860-427C-AF34-7B88777CBBC0}
	EndGlobalSection
EndGlobal
